
Microsoft Visual Studio Solution File, Format Version 12.00
# Visual Studio Version 17
VisualStudioVersion = 17.8.34330.188
MinimumVisualStudioVersion = 10.0.40219.1
Project("{9A19103F-16F7-4668-BE54-9A1E7A4F7556}") = "ConsoleClient", "ConsoleClient\ConsoleClient.csproj", "{8F3061A0-E3A8-4627-AA03-2BDC26E455A7}"
EndProject
Project("{FAE04EC0-301F-11D3-BF4B-00C04F79EFBC}") = "UnitTests", "UnitTests\UnitTests.csproj", "{75FF4DC5-A8ED-4F9D-A7EC-72D88703543E}"
EndProject
Global
	GlobalSection(SolutionConfigurationPlatforms) = preSolution
		Debug|Any CPU = Debug|Any CPU
		Release|Any CPU = Release|Any CPU
	EndGlobalSection
	GlobalSection(ProjectConfigurationPlatforms) = postSolution
		{8F3061A0-E3A8-4627-AA03-2BDC26E455A7}.Debug|Any CPU.ActiveCfg = Debug|Any CPU
		{8F3061A0-E3A8-4627-AA03-2BDC26E455A7}.Debug|Any CPU.Build.0 = Debug|Any CPU
		{8F3061A0-E3A8-4627-AA03-2BDC26E455A7}.Release|Any CPU.ActiveCfg = Release|Any CPU
		{8F3061A0-E3A8-4627-AA03-2BDC26E455A7}.Release|Any CPU.Build.0 = Release|Any CPU
		{75FF4DC5-A8ED-4F9D-A7EC-72D88703543E}.Debug|Any CPU.ActiveCfg = Debug|Any CPU
		{75FF4DC5-A8ED-4F9D-A7EC-72D88703543E}.Debug|Any CPU.Build.0 = Debug|Any CPU
		{75FF4DC5-A8ED-4F9D-A7EC-72D88703543E}.Release|Any CPU.ActiveCfg = Release|Any CPU
		{75FF4DC5-A8ED-4F9D-A7EC-72D88703543E}.Release|Any CPU.Build.0 = Release|Any CPU
	EndGlobalSection
	GlobalSection(SolutionProperties) = preSolution
		HideSolutionNode = FALSE
	EndGlobalSection
	GlobalSection(ExtensibilityGlobals) = postSolution
		SolutionGuid = {D7798EF7-830D-432A-A7D8-43700CCCB944}
	EndGlobalSection
EndGlobal
