
Microsoft Visual Studio Solution File, Format Version 12.00
# Visual Studio Version 17
VisualStudioVersion = 17.8.34330.188
MinimumVisualStudioVersion = 10.0.40219.1
Project("{FAE04EC0-301F-11D3-BF4B-00C04F79EFBC}") = "UnitTests", "UnitTests\UnitTests.csproj", "{75FF4DC5-A8ED-4F9D-A7EC-72D88703543E}"
EndProject
Project("{2150E333-8FDC-42A3-9474-1A3956D46DE8}") = "UI", "UI", "{233F2E82-4520-4DA7-BB43-BD47D3900EC3}"
EndProject
Project("{2150E333-8FDC-42A3-9474-1A3956D46DE8}") = "Logic", "Logic", "{B1FF2719-7F8E-499B-B9C2-8393805ACB97}"
EndProject
Project("{FAE04EC0-301F-11D3-BF4B-00C04F79EFBC}") = "Logic", "Logic\Logic.csproj", "{B28AFE49-0EC0-4CD6-8979-FD7B128A7418}"
EndProject
Project("{FAE04EC0-301F-11D3-BF4B-00C04F79EFBC}") = "ServiceClient", "ServiceClient\ServiceClient.csproj", "{9E0BF153-78EF-499E-9940-D8A18E98A1E1}"
EndProject
Project("{2150E333-8FDC-42A3-9474-1A3956D46DE8}") = "Data", "Data", "{3E4C11FF-F2ED-4208-BF47-2664281249CE}"
EndProject
Project("{FAE04EC0-301F-11D3-BF4B-00C04F79EFBC}") = "Data", "Data\Data.csproj", "{943A061F-7466-4E06-8D0B-DF5CA5826942}"
EndProject
Project("{2150E333-8FDC-42A3-9474-1A3956D46DE8}") = "CrossCutting", "CrossCutting", "{D1599CFB-DA7B-4172-BE9E-F5D874E35150}"
EndProject
Project("{FAE04EC0-301F-11D3-BF4B-00C04F79EFBC}") = "CrossCutting", "CrossCutting\CrossCutting.csproj", "{370C456A-9002-4CE4-A7C8-43AED36DAB81}"
EndProject
Project("{FAE04EC0-301F-11D3-BF4B-00C04F79EFBC}") = "CrossCutting.Contract", "CrossCutting.Contract\CrossCutting.Contract.csproj", "{3F508D94-62C2-4C97-A9A6-031A6431CBF3}"
EndProject
Project("{FAE04EC0-301F-11D3-BF4B-00C04F79EFBC}") = "Data.Contract", "Data.Contract\Data.Contract.csproj", "{19306564-3010-4864-97BF-31B79B9CA774}"
EndProject
Project("{FAE04EC0-301F-11D3-BF4B-00C04F79EFBC}") = "Logic.Contract", "Logic.Contract\Logic.Contract.csproj", "{73EF98F3-3672-46B6-A518-6223E0C046DF}"
EndProject
Project("{FAE04EC0-301F-11D3-BF4B-00C04F79EFBC}") = "Mappings", "Mappings\Mappings.csproj", "{49B47B16-27F4-42D8-82C1-5E31EE14A451}"
EndProject
Project("{FAE04EC0-301F-11D3-BF4B-00C04F79EFBC}") = "ServiceTests", "ServiceTests\ServiceTests.csproj", "{2C7763E0-C9C7-440B-8375-E825B14DDA70}"
EndProject
Global
	GlobalSection(SolutionConfigurationPlatforms) = preSolution
		Debug|Any CPU = Debug|Any CPU
		Release|Any CPU = Release|Any CPU
	EndGlobalSection
	GlobalSection(ProjectConfigurationPlatforms) = postSolution
		{75FF4DC5-A8ED-4F9D-A7EC-72D88703543E}.Debug|Any CPU.ActiveCfg = Debug|Any CPU
		{75FF4DC5-A8ED-4F9D-A7EC-72D88703543E}.Debug|Any CPU.Build.0 = Debug|Any CPU
		{75FF4DC5-A8ED-4F9D-A7EC-72D88703543E}.Release|Any CPU.ActiveCfg = Release|Any CPU
		{75FF4DC5-A8ED-4F9D-A7EC-72D88703543E}.Release|Any CPU.Build.0 = Release|Any CPU
		{B28AFE49-0EC0-4CD6-8979-FD7B128A7418}.Debug|Any CPU.ActiveCfg = Debug|Any CPU
		{B28AFE49-0EC0-4CD6-8979-FD7B128A7418}.Debug|Any CPU.Build.0 = Debug|Any CPU
		{B28AFE49-0EC0-4CD6-8979-FD7B128A7418}.Release|Any CPU.ActiveCfg = Release|Any CPU
		{B28AFE49-0EC0-4CD6-8979-FD7B128A7418}.Release|Any CPU.Build.0 = Release|Any CPU
		{9E0BF153-78EF-499E-9940-D8A18E98A1E1}.Debug|Any CPU.ActiveCfg = Debug|Any CPU
		{9E0BF153-78EF-499E-9940-D8A18E98A1E1}.Debug|Any CPU.Build.0 = Debug|Any CPU
		{9E0BF153-78EF-499E-9940-D8A18E98A1E1}.Release|Any CPU.ActiveCfg = Release|Any CPU
		{9E0BF153-78EF-499E-9940-D8A18E98A1E1}.Release|Any CPU.Build.0 = Release|Any CPU
		{943A061F-7466-4E06-8D0B-DF5CA5826942}.Debug|Any CPU.ActiveCfg = Debug|Any CPU
		{943A061F-7466-4E06-8D0B-DF5CA5826942}.Debug|Any CPU.Build.0 = Debug|Any CPU
		{943A061F-7466-4E06-8D0B-DF5CA5826942}.Release|Any CPU.ActiveCfg = Release|Any CPU
		{943A061F-7466-4E06-8D0B-DF5CA5826942}.Release|Any CPU.Build.0 = Release|Any CPU
		{370C456A-9002-4CE4-A7C8-43AED36DAB81}.Debug|Any CPU.ActiveCfg = Debug|Any CPU
		{370C456A-9002-4CE4-A7C8-43AED36DAB81}.Debug|Any CPU.Build.0 = Debug|Any CPU
		{370C456A-9002-4CE4-A7C8-43AED36DAB81}.Release|Any CPU.ActiveCfg = Release|Any CPU
		{370C456A-9002-4CE4-A7C8-43AED36DAB81}.Release|Any CPU.Build.0 = Release|Any CPU
		{3F508D94-62C2-4C97-A9A6-031A6431CBF3}.Debug|Any CPU.ActiveCfg = Debug|Any CPU
		{3F508D94-62C2-4C97-A9A6-031A6431CBF3}.Debug|Any CPU.Build.0 = Debug|Any CPU
		{3F508D94-62C2-4C97-A9A6-031A6431CBF3}.Release|Any CPU.ActiveCfg = Release|Any CPU
		{3F508D94-62C2-4C97-A9A6-031A6431CBF3}.Release|Any CPU.Build.0 = Release|Any CPU
		{19306564-3010-4864-97BF-31B79B9CA774}.Debug|Any CPU.ActiveCfg = Debug|Any CPU
		{19306564-3010-4864-97BF-31B79B9CA774}.Debug|Any CPU.Build.0 = Debug|Any CPU
		{19306564-3010-4864-97BF-31B79B9CA774}.Release|Any CPU.ActiveCfg = Release|Any CPU
		{19306564-3010-4864-97BF-31B79B9CA774}.Release|Any CPU.Build.0 = Release|Any CPU
		{73EF98F3-3672-46B6-A518-6223E0C046DF}.Debug|Any CPU.ActiveCfg = Debug|Any CPU
		{73EF98F3-3672-46B6-A518-6223E0C046DF}.Debug|Any CPU.Build.0 = Debug|Any CPU
		{73EF98F3-3672-46B6-A518-6223E0C046DF}.Release|Any CPU.ActiveCfg = Release|Any CPU
		{73EF98F3-3672-46B6-A518-6223E0C046DF}.Release|Any CPU.Build.0 = Release|Any CPU
		{49B47B16-27F4-42D8-82C1-5E31EE14A451}.Debug|Any CPU.ActiveCfg = Debug|Any CPU
		{49B47B16-27F4-42D8-82C1-5E31EE14A451}.Debug|Any CPU.Build.0 = Debug|Any CPU
		{49B47B16-27F4-42D8-82C1-5E31EE14A451}.Release|Any CPU.ActiveCfg = Release|Any CPU
		{49B47B16-27F4-42D8-82C1-5E31EE14A451}.Release|Any CPU.Build.0 = Release|Any CPU
		{2C7763E0-C9C7-440B-8375-E825B14DDA70}.Debug|Any CPU.ActiveCfg = Debug|Any CPU
		{2C7763E0-C9C7-440B-8375-E825B14DDA70}.Debug|Any CPU.Build.0 = Debug|Any CPU
		{2C7763E0-C9C7-440B-8375-E825B14DDA70}.Release|Any CPU.ActiveCfg = Release|Any CPU
		{2C7763E0-C9C7-440B-8375-E825B14DDA70}.Release|Any CPU.Build.0 = Release|Any CPU
	EndGlobalSection
	GlobalSection(SolutionProperties) = preSolution
		HideSolutionNode = FALSE
	EndGlobalSection
	GlobalSection(NestedProjects) = preSolution
		{75FF4DC5-A8ED-4F9D-A7EC-72D88703543E} = {233F2E82-4520-4DA7-BB43-BD47D3900EC3}
		{B28AFE49-0EC0-4CD6-8979-FD7B128A7418} = {B1FF2719-7F8E-499B-B9C2-8393805ACB97}
		{9E0BF153-78EF-499E-9940-D8A18E98A1E1} = {233F2E82-4520-4DA7-BB43-BD47D3900EC3}
		{943A061F-7466-4E06-8D0B-DF5CA5826942} = {3E4C11FF-F2ED-4208-BF47-2664281249CE}
		{370C456A-9002-4CE4-A7C8-43AED36DAB81} = {D1599CFB-DA7B-4172-BE9E-F5D874E35150}
		{3F508D94-62C2-4C97-A9A6-031A6431CBF3} = {D1599CFB-DA7B-4172-BE9E-F5D874E35150}
		{19306564-3010-4864-97BF-31B79B9CA774} = {3E4C11FF-F2ED-4208-BF47-2664281249CE}
		{73EF98F3-3672-46B6-A518-6223E0C046DF} = {B1FF2719-7F8E-499B-B9C2-8393805ACB97}
		{49B47B16-27F4-42D8-82C1-5E31EE14A451} = {D1599CFB-DA7B-4172-BE9E-F5D874E35150}
	EndGlobalSection
	GlobalSection(ExtensibilityGlobals) = postSolution
		SolutionGuid = {D7798EF7-830D-432A-A7D8-43700CCCB944}
	EndGlobalSection
EndGlobal
